
Microsoft Visual Studio Solution File, Format Version 12.00
# Visual Studio Version 17
VisualStudioVersion = 17.9.34728.123
MinimumVisualStudioVersion = 10.0.40219.1
Project("{FAE04EC0-301F-11D3-BF4B-00C04F79EFBC}") = "BigOtherTest", "BigOtherTest\BigOtherTest.csproj", "{D13226BF-193D-4DA5-BA63-4A7D2949CCAD}"
EndProject
Project("{FAE04EC0-301F-11D3-BF4B-00C04F79EFBC}") = "BigOther", "BigOther\BigOther.csproj", "{F1055AF6-2BD9-4292-BC0A-55948218EA40}"
EndProject
Global
	GlobalSection(SolutionConfigurationPlatforms) = preSolution
		Debug|Any CPU = Debug|Any CPU
		Release|Any CPU = Release|Any CPU
	EndGlobalSection
	GlobalSection(ProjectConfigurationPlatforms) = postSolution
		{D13226BF-193D-4DA5-BA63-4A7D2949CCAD}.Debug|Any CPU.ActiveCfg = Debug|Any CPU
		{D13226BF-193D-4DA5-BA63-4A7D2949CCAD}.Debug|Any CPU.Build.0 = Debug|Any CPU
		{D13226BF-193D-4DA5-BA63-4A7D2949CCAD}.Release|Any CPU.ActiveCfg = Release|Any CPU
		{D13226BF-193D-4DA5-BA63-4A7D2949CCAD}.Release|Any CPU.Build.0 = Release|Any CPU
		{F1055AF6-2BD9-4292-BC0A-55948218EA40}.Debug|Any CPU.ActiveCfg = Debug|Any CPU
		{F1055AF6-2BD9-4292-BC0A-55948218EA40}.Debug|Any CPU.Build.0 = Debug|Any CPU
		{F1055AF6-2BD9-4292-BC0A-55948218EA40}.Release|Any CPU.ActiveCfg = Release|Any CPU
		{F1055AF6-2BD9-4292-BC0A-55948218EA40}.Release|Any CPU.Build.0 = Release|Any CPU
	EndGlobalSection
	GlobalSection(SolutionProperties) = preSolution
		HideSolutionNode = FALSE
	EndGlobalSection
	GlobalSection(ExtensibilityGlobals) = postSolution
		SolutionGuid = {29277E43-F1E9-4142-9BCD-9A522BF6E7B3}
	EndGlobalSection
EndGlobal
